
Microsoft Visual Studio Solution File, Format Version 12.00
# Visual Studio 14
VisualStudioVersion = 14.0.25420.1
MinimumVisualStudioVersion = 10.0.40219.1
Project("{FAE04EC0-301F-11D3-BF4B-00C04F79EFBC}") = "DBModel", "DBModel\DBModel.csproj", "{B48E5157-DDDE-46DF-9463-62E449DB0DE6}"
EndProject
Project("{FAE04EC0-301F-11D3-BF4B-00C04F79EFBC}") = "Dashboard", "Dashboard\Dashboard.csproj", "{4A6AD90A-93CD-4ADC-8AEC-7F49ABB705B4}"
EndProject
Global
	GlobalSection(SolutionConfigurationPlatforms) = preSolution
		Debug|Any CPU = Debug|Any CPU
		Release|Any CPU = Release|Any CPU
	EndGlobalSection
	GlobalSection(ProjectConfigurationPlatforms) = postSolution
		{B48E5157-DDDE-46DF-9463-62E449DB0DE6}.Debug|Any CPU.ActiveCfg = Debug|Any CPU
		{B48E5157-DDDE-46DF-9463-62E449DB0DE6}.Debug|Any CPU.Build.0 = Debug|Any CPU
		{B48E5157-DDDE-46DF-9463-62E449DB0DE6}.Release|Any CPU.ActiveCfg = Release|Any CPU
		{B48E5157-DDDE-46DF-9463-62E449DB0DE6}.Release|Any CPU.Build.0 = Release|Any CPU
		{4A6AD90A-93CD-4ADC-8AEC-7F49ABB705B4}.Debug|Any CPU.ActiveCfg = Debug|Any CPU
		{4A6AD90A-93CD-4ADC-8AEC-7F49ABB705B4}.Debug|Any CPU.Build.0 = Debug|Any CPU
		{4A6AD90A-93CD-4ADC-8AEC-7F49ABB705B4}.Release|Any CPU.ActiveCfg = Release|Any CPU
		{4A6AD90A-93CD-4ADC-8AEC-7F49ABB705B4}.Release|Any CPU.Build.0 = Release|Any CPU
	EndGlobalSection
	GlobalSection(SolutionProperties) = preSolution
		HideSolutionNode = FALSE
	EndGlobalSection
EndGlobal
